
Microsoft Visual Studio Solution File, Format Version 12.00
# Visual Studio 2015
Project("{FAE04EC0-301F-11D3-BF4B-00C04F79EFBC}") = "seriousGame.Plugins", "seriousGame.Plugins.csproj", "{B892EDF7-39A1-48E3-1AD6-2F38547E3393}"
EndProject
Project("{FAE04EC0-301F-11D3-BF4B-00C04F79EFBC}") = "seriousGame", "seriousGame.csproj", "{B03E0E0D-CCE4-CA0F-C682-1C97A2CA5EDE}"
EndProject
Project("{FAE04EC0-301F-11D3-BF4B-00C04F79EFBC}") = "seriousGame.Editor.Plugins", "seriousGame.Editor.Plugins.csproj", "{41826E58-62C4-B469-75A0-D6A17ACBD13F}"
EndProject
Project("{FAE04EC0-301F-11D3-BF4B-00C04F79EFBC}") = "seriousGame.Editor", "seriousGame.Editor.csproj", "{144DA764-DF95-0F5F-F905-926A924C79C4}"
EndProject
Global
	GlobalSection(SolutionConfigurationPlatforms) = preSolution
		Debug|Any CPU = Debug|Any CPU
		Release|Any CPU = Release|Any CPU
	EndGlobalSection
	GlobalSection(ProjectConfigurationPlatforms) = postSolution
		{B892EDF7-39A1-48E3-1AD6-2F38547E3393}.Debug|Any CPU.ActiveCfg = Debug|Any CPU
		{B892EDF7-39A1-48E3-1AD6-2F38547E3393}.Debug|Any CPU.Build.0 = Debug|Any CPU
		{B892EDF7-39A1-48E3-1AD6-2F38547E3393}.Release|Any CPU.ActiveCfg = Release|Any CPU
		{B892EDF7-39A1-48E3-1AD6-2F38547E3393}.Release|Any CPU.Build.0 = Release|Any CPU
		{B03E0E0D-CCE4-CA0F-C682-1C97A2CA5EDE}.Debug|Any CPU.ActiveCfg = Debug|Any CPU
		{B03E0E0D-CCE4-CA0F-C682-1C97A2CA5EDE}.Debug|Any CPU.Build.0 = Debug|Any CPU
		{B03E0E0D-CCE4-CA0F-C682-1C97A2CA5EDE}.Release|Any CPU.ActiveCfg = Release|Any CPU
		{B03E0E0D-CCE4-CA0F-C682-1C97A2CA5EDE}.Release|Any CPU.Build.0 = Release|Any CPU
		{41826E58-62C4-B469-75A0-D6A17ACBD13F}.Debug|Any CPU.ActiveCfg = Debug|Any CPU
		{41826E58-62C4-B469-75A0-D6A17ACBD13F}.Debug|Any CPU.Build.0 = Debug|Any CPU
		{41826E58-62C4-B469-75A0-D6A17ACBD13F}.Release|Any CPU.ActiveCfg = Release|Any CPU
		{41826E58-62C4-B469-75A0-D6A17ACBD13F}.Release|Any CPU.Build.0 = Release|Any CPU
		{144DA764-DF95-0F5F-F905-926A924C79C4}.Debug|Any CPU.ActiveCfg = Debug|Any CPU
		{144DA764-DF95-0F5F-F905-926A924C79C4}.Debug|Any CPU.Build.0 = Debug|Any CPU
		{144DA764-DF95-0F5F-F905-926A924C79C4}.Release|Any CPU.ActiveCfg = Release|Any CPU
		{144DA764-DF95-0F5F-F905-926A924C79C4}.Release|Any CPU.Build.0 = Release|Any CPU
	EndGlobalSection
	GlobalSection(SolutionProperties) = preSolution
		HideSolutionNode = FALSE
	EndGlobalSection
EndGlobal
